// !$*UTF8*$!
{
	archiveVersion = 1;
	classes = {
	};
	objectVersion = 50;
	objects = {

/* Begin PBXBuildFile section */
		A7F144A2B943E7742A8CDD05 /* Pods_Walkthrough.framework in Frameworks */ = {isa = PBXBuildFile; fileRef = D9898839D07F0F1E18FA36C9 /* Pods_Walkthrough.framework */; };
		E32B49F821BD060000306FA2 /* AppDelegate.swift in Sources */ = {isa = PBXBuildFile; fileRef = E32B49F721BD060000306FA2 /* AppDelegate.swift */; };
		E32B49FA21BD060000306FA2 /* ViewController.swift in Sources */ = {isa = PBXBuildFile; fileRef = E32B49F921BD060000306FA2 /* ViewController.swift */; };
		E32B49FD21BD060000306FA2 /* Main.storyboard in Resources */ = {isa = PBXBuildFile; fileRef = E32B49FB21BD060000306FA2 /* Main.storyboard */; };
		E32B49FF21BD060100306FA2 /* Assets.xcassets in Resources */ = {isa = PBXBuildFile; fileRef = E32B49FE21BD060100306FA2 /* Assets.xcassets */; };
		E32B4A0221BD060100306FA2 /* LaunchScreen.storyboard in Resources */ = {isa = PBXBuildFile; fileRef = E32B4A0021BD060100306FA2 /* LaunchScreen.storyboard */; };
		E32B4A0D21BD060200306FA2 /* WalkthroughUITests.swift in Sources */ = {isa = PBXBuildFile; fileRef = E32B4A0C21BD060200306FA2 /* WalkthroughUITests.swift */; };
		E32B4A1B21BD08AA00306FA2 /* WalkthroughPageViewController.swift in Sources */ = {isa = PBXBuildFile; fileRef = E32B4A1921BD08AA00306FA2 /* WalkthroughPageViewController.swift */; };
		E32B4A1C21BD08AA00306FA2 /* WalkthroughPageViewController.xib in Resources */ = {isa = PBXBuildFile; fileRef = E32B4A1A21BD08AA00306FA2 /* WalkthroughPageViewController.xib */; };
		E32B4A1F21BD08CF00306FA2 /* WalkthroughContentViewController.swift in Sources */ = {isa = PBXBuildFile; fileRef = E32B4A1D21BD08CF00306FA2 /* WalkthroughContentViewController.swift */; };
		E32B4A2021BD08CF00306FA2 /* WalkthroughContentViewController.xib in Resources */ = {isa = PBXBuildFile; fileRef = E32B4A1E21BD08CF00306FA2 /* WalkthroughContentViewController.xib */; };
		E32B4A2221BD08DF00306FA2 /* WalkthroughHelper.swift in Sources */ = {isa = PBXBuildFile; fileRef = E32B4A2121BD08DF00306FA2 /* WalkthroughHelper.swift */; };
		E32B4A2921BD0CAC00306FA2 /* WalkthroughInfo.swift in Sources */ = {isa = PBXBuildFile; fileRef = E32B4A2821BD0CAC00306FA2 /* WalkthroughInfo.swift */; };
		EC822FE12B869A487E07833A /* Pods_WalkthroughUITests.framework in Frameworks */ = {isa = PBXBuildFile; fileRef = 384A54DDB443F6720739D8FD /* Pods_WalkthroughUITests.framework */; };
/* End PBXBuildFile section */

/* Begin PBXContainerItemProxy section */
		E32B4A0921BD060200306FA2 /* PBXContainerItemProxy */ = {
			isa = PBXContainerItemProxy;
			containerPortal = E32B49EC21BD060000306FA2 /* Project object */;
			proxyType = 1;
			remoteGlobalIDString = E32B49F321BD060000306FA2;
			remoteInfo = Walkthrough;
		};
/* End PBXContainerItemProxy section */

/* Begin PBXFileReference section */
		342A0131920822E0066375B1 /* Pods-Walkthrough.release.xcconfig */ = {isa = PBXFileReference; includeInIndex = 1; lastKnownFileType = text.xcconfig; name = "Pods-Walkthrough.release.xcconfig"; path = "Pods/Target Support Files/Pods-Walkthrough/Pods-Walkthrough.release.xcconfig"; sourceTree = "<group>"; };
		384A54DDB443F6720739D8FD /* Pods_WalkthroughUITests.framework */ = {isa = PBXFileReference; explicitFileType = wrapper.framework; includeInIndex = 0; path = Pods_WalkthroughUITests.framework; sourceTree = BUILT_PRODUCTS_DIR; };
		495487DAA926387C72734900 /* Pods-WalkthroughUITests.debug.xcconfig */ = {isa = PBXFileReference; includeInIndex = 1; lastKnownFileType = text.xcconfig; name = "Pods-WalkthroughUITests.debug.xcconfig"; path = "Pods/Target Support Files/Pods-WalkthroughUITests/Pods-WalkthroughUITests.debug.xcconfig"; sourceTree = "<group>"; };
		785AE3040DCE30FC46075518 /* Pods-Walkthrough.debug.xcconfig */ = {isa = PBXFileReference; includeInIndex = 1; lastKnownFileType = text.xcconfig; name = "Pods-Walkthrough.debug.xcconfig"; path = "Pods/Target Support Files/Pods-Walkthrough/Pods-Walkthrough.debug.xcconfig"; sourceTree = "<group>"; };
		D9898839D07F0F1E18FA36C9 /* Pods_Walkthrough.framework */ = {isa = PBXFileReference; explicitFileType = wrapper.framework; includeInIndex = 0; path = Pods_Walkthrough.framework; sourceTree = BUILT_PRODUCTS_DIR; };
		E06AB86283DC0B0830E32327 /* Pods-WalkthroughUITests.release.xcconfig */ = {isa = PBXFileReference; includeInIndex = 1; lastKnownFileType = text.xcconfig; name = "Pods-WalkthroughUITests.release.xcconfig"; path = "Pods/Target Support Files/Pods-WalkthroughUITests/Pods-WalkthroughUITests.release.xcconfig"; sourceTree = "<group>"; };
		E32B49F421BD060000306FA2 /* Walkthrough.app */ = {isa = PBXFileReference; explicitFileType = wrapper.application; includeInIndex = 0; path = Walkthrough.app; sourceTree = BUILT_PRODUCTS_DIR; };
		E32B49F721BD060000306FA2 /* AppDelegate.swift */ = {isa = PBXFileReference; lastKnownFileType = sourcecode.swift; path = AppDelegate.swift; sourceTree = "<group>"; };
		E32B49F921BD060000306FA2 /* ViewController.swift */ = {isa = PBXFileReference; lastKnownFileType = sourcecode.swift; path = ViewController.swift; sourceTree = "<group>"; };
		E32B49FC21BD060000306FA2 /* Base */ = {isa = PBXFileReference; lastKnownFileType = file.storyboard; name = Base; path = Base.lproj/Main.storyboard; sourceTree = "<group>"; };
		E32B49FE21BD060100306FA2 /* Assets.xcassets */ = {isa = PBXFileReference; lastKnownFileType = folder.assetcatalog; path = Assets.xcassets; sourceTree = "<group>"; };
		E32B4A0121BD060100306FA2 /* Base */ = {isa = PBXFileReference; lastKnownFileType = file.storyboard; name = Base; path = Base.lproj/LaunchScreen.storyboard; sourceTree = "<group>"; };
		E32B4A0321BD060100306FA2 /* Info.plist */ = {isa = PBXFileReference; lastKnownFileType = text.plist.xml; path = Info.plist; sourceTree = "<group>"; };
		E32B4A0821BD060200306FA2 /* WalkthroughUITests.xctest */ = {isa = PBXFileReference; explicitFileType = wrapper.cfbundle; includeInIndex = 0; path = WalkthroughUITests.xctest; sourceTree = BUILT_PRODUCTS_DIR; };
		E32B4A0C21BD060200306FA2 /* WalkthroughUITests.swift */ = {isa = PBXFileReference; lastKnownFileType = sourcecode.swift; path = WalkthroughUITests.swift; sourceTree = "<group>"; };
		E32B4A0E21BD060200306FA2 /* Info.plist */ = {isa = PBXFileReference; lastKnownFileType = text.plist.xml; path = Info.plist; sourceTree = "<group>"; };
		E32B4A1921BD08AA00306FA2 /* WalkthroughPageViewController.swift */ = {isa = PBXFileReference; lastKnownFileType = sourcecode.swift; path = WalkthroughPageViewController.swift; sourceTree = "<group>"; };
		E32B4A1A21BD08AA00306FA2 /* WalkthroughPageViewController.xib */ = {isa = PBXFileReference; lastKnownFileType = file.xib; path = WalkthroughPageViewController.xib; sourceTree = "<group>"; };
		E32B4A1D21BD08CF00306FA2 /* WalkthroughContentViewController.swift */ = {isa = PBXFileReference; lastKnownFileType = sourcecode.swift; path = WalkthroughContentViewController.swift; sourceTree = "<group>"; };
		E32B4A1E21BD08CF00306FA2 /* WalkthroughContentViewController.xib */ = {isa = PBXFileReference; lastKnownFileType = file.xib; path = WalkthroughContentViewController.xib; sourceTree = "<group>"; };
		E32B4A2121BD08DF00306FA2 /* WalkthroughHelper.swift */ = {isa = PBXFileReference; lastKnownFileType = sourcecode.swift; path = WalkthroughHelper.swift; sourceTree = "<group>"; };
		E32B4A2821BD0CAC00306FA2 /* WalkthroughInfo.swift */ = {isa = PBXFileReference; lastKnownFileType = sourcecode.swift; path = WalkthroughInfo.swift; sourceTree = "<group>"; };
/* End PBXFileReference section */

/* Begin PBXFrameworksBuildPhase section */
		E32B49F121BD060000306FA2 /* Frameworks */ = {
			isa = PBXFrameworksBuildPhase;
			buildActionMask = 2147483647;
			files = (
				A7F144A2B943E7742A8CDD05 /* Pods_Walkthrough.framework in Frameworks */,
			);
			runOnlyForDeploymentPostprocessing = 0;
		};
		E32B4A0521BD060200306FA2 /* Frameworks */ = {
			isa = PBXFrameworksBuildPhase;
			buildActionMask = 2147483647;
			files = (
				EC822FE12B869A487E07833A /* Pods_WalkthroughUITests.framework in Frameworks */,
			);
			runOnlyForDeploymentPostprocessing = 0;
		};
/* End PBXFrameworksBuildPhase section */

/* Begin PBXGroup section */
		28F2923397D026F48C7707FD /* Pods */ = {
			isa = PBXGroup;
			children = (
				785AE3040DCE30FC46075518 /* Pods-Walkthrough.debug.xcconfig */,
				342A0131920822E0066375B1 /* Pods-Walkthrough.release.xcconfig */,
				495487DAA926387C72734900 /* Pods-WalkthroughUITests.debug.xcconfig */,
				E06AB86283DC0B0830E32327 /* Pods-WalkthroughUITests.release.xcconfig */,
			);
			name = Pods;
			sourceTree = "<group>";
		};
		85D919C1B677E639118E6489 /* Frameworks */ = {
			isa = PBXGroup;
			children = (
				D9898839D07F0F1E18FA36C9 /* Pods_Walkthrough.framework */,
				384A54DDB443F6720739D8FD /* Pods_WalkthroughUITests.framework */,
			);
			name = Frameworks;
			sourceTree = "<group>";
		};
		E32B49EB21BD060000306FA2 = {
			isa = PBXGroup;
			children = (
				E32B49F621BD060000306FA2 /* Walkthrough */,
				E32B4A0B21BD060200306FA2 /* WalkthroughUITests */,
				E32B49F521BD060000306FA2 /* Products */,
				28F2923397D026F48C7707FD /* Pods */,
				85D919C1B677E639118E6489 /* Frameworks */,
			);
			sourceTree = "<group>";
		};
		E32B49F521BD060000306FA2 /* Products */ = {
			isa = PBXGroup;
			children = (
				E32B49F421BD060000306FA2 /* Walkthrough.app */,
				E32B4A0821BD060200306FA2 /* WalkthroughUITests.xctest */,
			);
			name = Products;
			sourceTree = "<group>";
		};
		E32B49F621BD060000306FA2 /* Walkthrough */ = {
			isa = PBXGroup;
			children = (
				E32B4A2721BD0C9300306FA2 /* Model */,
				E32B4A1821BD07D300306FA2 /* Walkthrough */,
				E32B4A1721BD07CB00306FA2 /* Helper */,
				E32B49F721BD060000306FA2 /* AppDelegate.swift */,
				E32B49F921BD060000306FA2 /* ViewController.swift */,
				E32B49FB21BD060000306FA2 /* Main.storyboard */,
				E32B49FE21BD060100306FA2 /* Assets.xcassets */,
				E32B4A0021BD060100306FA2 /* LaunchScreen.storyboard */,
				E32B4A0321BD060100306FA2 /* Info.plist */,
			);
			path = Walkthrough;
			sourceTree = "<group>";
		};
		E32B4A0B21BD060200306FA2 /* WalkthroughUITests */ = {
			isa = PBXGroup;
			children = (
				E32B4A0C21BD060200306FA2 /* WalkthroughUITests.swift */,
				E32B4A0E21BD060200306FA2 /* Info.plist */,
			);
			path = WalkthroughUITests;
			sourceTree = "<group>";
		};
		E32B4A1721BD07CB00306FA2 /* Helper */ = {
			isa = PBXGroup;
			children = (
				E32B4A2121BD08DF00306FA2 /* WalkthroughHelper.swift */,
			);
			path = Helper;
			sourceTree = "<group>";
		};
		E32B4A1821BD07D300306FA2 /* Walkthrough */ = {
			isa = PBXGroup;
			children = (
				E32B4A1921BD08AA00306FA2 /* WalkthroughPageViewController.swift */,
				E32B4A1A21BD08AA00306FA2 /* WalkthroughPageViewController.xib */,
				E32B4A1D21BD08CF00306FA2 /* WalkthroughContentViewController.swift */,
				E32B4A1E21BD08CF00306FA2 /* WalkthroughContentViewController.xib */,
			);
			path = Walkthrough;
			sourceTree = "<group>";
		};
		E32B4A2721BD0C9300306FA2 /* Model */ = {
			isa = PBXGroup;
			children = (
				E32B4A2821BD0CAC00306FA2 /* WalkthroughInfo.swift */,
			);
			path = Model;
			sourceTree = "<group>";
		};
/* End PBXGroup section */

/* Begin PBXNativeTarget section */
		E32B49F321BD060000306FA2 /* Walkthrough */ = {
			isa = PBXNativeTarget;
			buildConfigurationList = E32B4A1121BD060200306FA2 /* Build configuration list for PBXNativeTarget "Walkthrough" */;
			buildPhases = (
				249E6E600A136B0DEEC86888 /* [CP] Check Pods Manifest.lock */,
				E32B49F021BD060000306FA2 /* Sources */,
				E32B49F121BD060000306FA2 /* Frameworks */,
				E32B49F221BD060000306FA2 /* Resources */,
				FDC1847CD45AC444D8C2009D /* [CP] Embed Pods Frameworks */,
				B9F7DC956A57C88920A7197B /* [CP] Copy Pods Resources */,
			);
			buildRules = (
			);
			dependencies = (
			);
			name = Walkthrough;
			productName = Walkthrough;
			productReference = E32B49F421BD060000306FA2 /* Walkthrough.app */;
			productType = "com.apple.product-type.application";
		};
		E32B4A0721BD060200306FA2 /* WalkthroughUITests */ = {
			isa = PBXNativeTarget;
			buildConfigurationList = E32B4A1421BD060200306FA2 /* Build configuration list for PBXNativeTarget "WalkthroughUITests" */;
			buildPhases = (
				DC957E790CFCB900FBFA2D2D /* [CP] Check Pods Manifest.lock */,
				E32B4A0421BD060200306FA2 /* Sources */,
				E32B4A0521BD060200306FA2 /* Frameworks */,
				E32B4A0621BD060200306FA2 /* Resources */,
				6A9ABDEC1D881E2945F4E40B /* [CP] Embed Pods Frameworks */,
				21C462125235508A4E0D1031 /* [CP] Copy Pods Resources */,
			);
			buildRules = (
			);
			dependencies = (
				E32B4A0A21BD060200306FA2 /* PBXTargetDependency */,
			);
			name = WalkthroughUITests;
			productName = WalkthroughUITests;
			productReference = E32B4A0821BD060200306FA2 /* WalkthroughUITests.xctest */;
			productType = "com.apple.product-type.bundle.ui-testing";
		};
/* End PBXNativeTarget section */

/* Begin PBXProject section */
		E32B49EC21BD060000306FA2 /* Project object */ = {
			isa = PBXProject;
			attributes = {
				LastSwiftUpdateCheck = 1010;
				LastUpgradeCheck = 1010;
				ORGANIZATIONNAME = KathySo;
				TargetAttributes = {
					E32B49F321BD060000306FA2 = {
						CreatedOnToolsVersion = 10.1;
					};
					E32B4A0721BD060200306FA2 = {
						CreatedOnToolsVersion = 10.1;
						TestTargetID = E32B49F321BD060000306FA2;
					};
				};
			};
			buildConfigurationList = E32B49EF21BD060000306FA2 /* Build configuration list for PBXProject "Walkthrough" */;
			compatibilityVersion = "Xcode 9.3";
			developmentRegion = en;
			hasScannedForEncodings = 0;
			knownRegions = (
				en,
				Base,
			);
			mainGroup = E32B49EB21BD060000306FA2;
			productRefGroup = E32B49F521BD060000306FA2 /* Products */;
			projectDirPath = "";
			projectRoot = "";
			targets = (
				E32B49F321BD060000306FA2 /* Walkthrough */,
				E32B4A0721BD060200306FA2 /* WalkthroughUITests */,
			);
		};
/* End PBXProject section */

/* Begin PBXResourcesBuildPhase section */
		E32B49F221BD060000306FA2 /* Resources */ = {
			isa = PBXResourcesBuildPhase;
			buildActionMask = 2147483647;
			files = (
				E32B4A0221BD060100306FA2 /* LaunchScreen.storyboard in Resources */,
				E32B49FF21BD060100306FA2 /* Assets.xcassets in Resources */,
				E32B4A1C21BD08AA00306FA2 /* WalkthroughPageViewController.xib in Resources */,
				E32B4A2021BD08CF00306FA2 /* WalkthroughContentViewController.xib in Resources */,
				E32B49FD21BD060000306FA2 /* Main.storyboard in Resources */,
			);
			runOnlyForDeploymentPostprocessing = 0;
		};
		E32B4A0621BD060200306FA2 /* Resources */ = {
			isa = PBXResourcesBuildPhase;
			buildActionMask = 2147483647;
			files = (
			);
			runOnlyForDeploymentPostprocessing = 0;
		};
/* End PBXResourcesBuildPhase section */

/* Begin PBXShellScriptBuildPhase section */
		21C462125235508A4E0D1031 /* [CP] Copy Pods Resources */ = {
			isa = PBXShellScriptBuildPhase;
			buildActionMask = 2147483647;
			files = (
			);
			inputPaths = (
			);
			name = "[CP] Copy Pods Resources";
			outputPaths = (
			);
			runOnlyForDeploymentPostprocessing = 0;
			shellPath = /bin/sh;
			shellScript = "\"${SRCROOT}/Pods/Target Support Files/Pods-WalkthroughUITests/Pods-WalkthroughUITests-resources.sh\"\n";
			showEnvVarsInLog = 0;
		};
		249E6E600A136B0DEEC86888 /* [CP] Check Pods Manifest.lock */ = {
			isa = PBXShellScriptBuildPhase;
			buildActionMask = 2147483647;
			files = (
			);
			inputPaths = (
				"${PODS_PODFILE_DIR_PATH}/Podfile.lock",
				"${PODS_ROOT}/Manifest.lock",
			);
			name = "[CP] Check Pods Manifest.lock";
			outputPaths = (
				"$(DERIVED_FILE_DIR)/Pods-Walkthrough-checkManifestLockResult.txt",
			);
			runOnlyForDeploymentPostprocessing = 0;
			shellPath = /bin/sh;
			shellScript = "diff \"${PODS_PODFILE_DIR_PATH}/Podfile.lock\" \"${PODS_ROOT}/Manifest.lock\" > /dev/null\nif [ $? != 0 ] ; then\n    # print error to STDERR\n    echo \"error: The sandbox is not in sync with the Podfile.lock. Run 'pod install' or update your CocoaPods installation.\" >&2\n    exit 1\nfi\n# This output is used by Xcode 'outputs' to avoid re-running this script phase.\necho \"SUCCESS\" > \"${SCRIPT_OUTPUT_FILE_0}\"\n";
			showEnvVarsInLog = 0;
		};
		6A9ABDEC1D881E2945F4E40B /* [CP] Embed Pods Frameworks */ = {
			isa = PBXShellScriptBuildPhase;
			buildActionMask = 2147483647;
			files = (
			);
			inputPaths = (
			);
			name = "[CP] Embed Pods Frameworks";
			outputPaths = (
			);
			runOnlyForDeploymentPostprocessing = 0;
			shellPath = /bin/sh;
			shellScript = "\"${SRCROOT}/Pods/Target Support Files/Pods-WalkthroughUITests/Pods-WalkthroughUITests-frameworks.sh\"\n";
			showEnvVarsInLog = 0;
		};
		B9F7DC956A57C88920A7197B /* [CP] Copy Pods Resources */ = {
			isa = PBXShellScriptBuildPhase;
			buildActionMask = 2147483647;
			files = (
			);
			inputPaths = (
			);
			name = "[CP] Copy Pods Resources";
			outputPaths = (
			);
			runOnlyForDeploymentPostprocessing = 0;
			shellPath = /bin/sh;
			shellScript = "\"${SRCROOT}/Pods/Target Support Files/Pods-Walkthrough/Pods-Walkthrough-resources.sh\"\n";
			showEnvVarsInLog = 0;
		};
		DC957E790CFCB900FBFA2D2D /* [CP] Check Pods Manifest.lock */ = {
			isa = PBXShellScriptBuildPhase;
			buildActionMask = 2147483647;
			files = (
			);
			inputPaths = (
				"${PODS_PODFILE_DIR_PATH}/Podfile.lock",
				"${PODS_ROOT}/Manifest.lock",
			);
			name = "[CP] Check Pods Manifest.lock";
			outputPaths = (
				"$(DERIVED_FILE_DIR)/Pods-WalkthroughUITests-checkManifestLockResult.txt",
			);
			runOnlyForDeploymentPostprocessing = 0;
			shellPath = /bin/sh;
			shellScript = "diff \"${PODS_PODFILE_DIR_PATH}/Podfile.lock\" \"${PODS_ROOT}/Manifest.lock\" > /dev/null\nif [ $? != 0 ] ; then\n    # print error to STDERR\n    echo \"error: The sandbox is not in sync with the Podfile.lock. Run 'pod install' or update your CocoaPods installation.\" >&2\n    exit 1\nfi\n# This output is used by Xcode 'outputs' to avoid re-running this script phase.\necho \"SUCCESS\" > \"${SCRIPT_OUTPUT_FILE_0}\"\n";
			showEnvVarsInLog = 0;
		};
		FDC1847CD45AC444D8C2009D /* [CP] Embed Pods Frameworks */ = {
			isa = PBXShellScriptBuildPhase;
			buildActionMask = 2147483647;
			files = (
			);
			inputPaths = (
				"${SRCROOT}/Pods/Target Support Files/Pods-Walkthrough/Pods-Walkthrough-frameworks.sh",
				"${BUILT_PRODUCTS_DIR}/SnapKit/SnapKit.framework",
			);
			name = "[CP] Embed Pods Frameworks";
			outputPaths = (
				"${TARGET_BUILD_DIR}/${FRAMEWORKS_FOLDER_PATH}/SnapKit.framework",
			);
			runOnlyForDeploymentPostprocessing = 0;
			shellPath = /bin/sh;
			shellScript = "\"${SRCROOT}/Pods/Target Support Files/Pods-Walkthrough/Pods-Walkthrough-frameworks.sh\"\n";
			showEnvVarsInLog = 0;
		};
/* End PBXShellScriptBuildPhase section */

/* Begin PBXSourcesBuildPhase section */
		E32B49F021BD060000306FA2 /* Sources */ = {
			isa = PBXSourcesBuildPhase;
			buildActionMask = 2147483647;
			files = (
				E32B4A2221BD08DF00306FA2 /* WalkthroughHelper.swift in Sources */,
				E32B4A1B21BD08AA00306FA2 /* WalkthroughPageViewController.swift in Sources */,
				E32B4A2921BD0CAC00306FA2 /* WalkthroughInfo.swift in Sources */,
				E32B49FA21BD060000306FA2 /* ViewController.swift in Sources */,
				E32B49F821BD060000306FA2 /* AppDelegate.swift in Sources */,
				E32B4A1F21BD08CF00306FA2 /* WalkthroughContentViewController.swift in Sources */,
			);
			runOnlyForDeploymentPostprocessing = 0;
		};
		E32B4A0421BD060200306FA2 /* Sources */ = {
			isa = PBXSourcesBuildPhase;
			buildActionMask = 2147483647;
			files = (
				E32B4A0D21BD060200306FA2 /* WalkthroughUITests.swift in Sources */,
			);
			runOnlyForDeploymentPostprocessing = 0;
		};
/* End PBXSourcesBuildPhase section */

/* Begin PBXTargetDependency section */
		E32B4A0A21BD060200306FA2 /* PBXTargetDependency */ = {
			isa = PBXTargetDependency;
			target = E32B49F321BD060000306FA2 /* Walkthrough */;
			targetProxy = E32B4A0921BD060200306FA2 /* PBXContainerItemProxy */;
		};
/* End PBXTargetDependency section */

/* Begin PBXVariantGroup section */
		E32B49FB21BD060000306FA2 /* Main.storyboard */ = {
			isa = PBXVariantGroup;
			children = (
				E32B49FC21BD060000306FA2 /* Base */,
			);
			name = Main.storyboard;
			sourceTree = "<group>";
		};
		E32B4A0021BD060100306FA2 /* LaunchScreen.storyboard */ = {
			isa = PBXVariantGroup;
			children = (
				E32B4A0121BD060100306FA2 /* Base */,
			);
			name = LaunchScreen.storyboard;
			sourceTree = "<group>";
		};
/* End PBXVariantGroup section */

/* Begin XCBuildConfiguration section */
		E32B4A0F21BD060200306FA2 /* Debug */ = {
			isa = XCBuildConfiguration;
			buildSettings = {
				ALWAYS_SEARCH_USER_PATHS = NO;
				CLANG_ANALYZER_NONNULL = YES;
				CLANG_ANALYZER_NUMBER_OBJECT_CONVERSION = YES_AGGRESSIVE;
				CLANG_CXX_LANGUAGE_STANDARD = "gnu++14";
				CLANG_CXX_LIBRARY = "libc++";
				CLANG_ENABLE_MODULES = YES;
				CLANG_ENABLE_OBJC_ARC = YES;
				CLANG_ENABLE_OBJC_WEAK = YES;
				CLANG_WARN_BLOCK_CAPTURE_AUTORELEASING = YES;
				CLANG_WARN_BOOL_CONVERSION = YES;
				CLANG_WARN_COMMA = YES;
				CLANG_WARN_CONSTANT_CONVERSION = YES;
				CLANG_WARN_DEPRECATED_OBJC_IMPLEMENTATIONS = YES;
				CLANG_WARN_DIRECT_OBJC_ISA_USAGE = YES_ERROR;
				CLANG_WARN_DOCUMENTATION_COMMENTS = YES;
				CLANG_WARN_EMPTY_BODY = YES;
				CLANG_WARN_ENUM_CONVERSION = YES;
				CLANG_WARN_INFINITE_RECURSION = YES;
				CLANG_WARN_INT_CONVERSION = YES;
				CLANG_WARN_NON_LITERAL_NULL_CONVERSION = YES;
				CLANG_WARN_OBJC_IMPLICIT_RETAIN_SELF = YES;
				CLANG_WARN_OBJC_LITERAL_CONVERSION = YES;
				CLANG_WARN_OBJC_ROOT_CLASS = YES_ERROR;
				CLANG_WARN_RANGE_LOOP_ANALYSIS = YES;
				CLANG_WARN_STRICT_PROTOTYPES = YES;
				CLANG_WARN_SUSPICIOUS_MOVE = YES;
				CLANG_WARN_UNGUARDED_AVAILABILITY = YES_AGGRESSIVE;
				CLANG_WARN_UNREACHABLE_CODE = YES;
				CLANG_WARN__DUPLICATE_METHOD_MATCH = YES;
				CODE_SIGN_IDENTITY = "iPhone Developer";
				COPY_PHASE_STRIP = NO;
				DEBUG_INFORMATION_FORMAT = dwarf;
				ENABLE_STRICT_OBJC_MSGSEND = YES;
				ENABLE_TESTABILITY = YES;
				GCC_C_LANGUAGE_STANDARD = gnu11;
				GCC_DYNAMIC_NO_PIC = NO;
				GCC_NO_COMMON_BLOCKS = YES;
				GCC_OPTIMIZATION_LEVEL = 0;
				GCC_PREPROCESSOR_DEFINITIONS = (
					"DEBUG=1",
					"$(inherited)",
				);
				GCC_WARN_64_TO_32_BIT_CONVERSION = YES;
				GCC_WARN_ABOUT_RETURN_TYPE = YES_ERROR;
				GCC_WARN_UNDECLARED_SELECTOR = YES;
				GCC_WARN_UNINITIALIZED_AUTOS = YES_AGGRESSIVE;
				GCC_WARN_UNUSED_FUNCTION = YES;
				GCC_WARN_UNUSED_VARIABLE = YES;
				IPHONEOS_DEPLOYMENT_TARGET = 12.1;
				MTL_ENABLE_DEBUG_INFO = INCLUDE_SOURCE;
				MTL_FAST_MATH = YES;
				ONLY_ACTIVE_ARCH = YES;
				SDKROOT = iphoneos;
				SWIFT_ACTIVE_COMPILATION_CONDITIONS = DEBUG;
				SWIFT_OPTIMIZATION_LEVEL = "-Onone";
			};
			name = Debug;
		};
		E32B4A1021BD060200306FA2 /* Release */ = {
			isa = XCBuildConfiguration;
			buildSettings = {
				ALWAYS_SEARCH_USER_PATHS = NO;
				CLANG_ANALYZER_NONNULL = YES;
				CLANG_ANALYZER_NUMBER_OBJECT_CONVERSION = YES_AGGRESSIVE;
				CLANG_CXX_LANGUAGE_STANDARD = "gnu++14";
				CLANG_CXX_LIBRARY = "libc++";
				CLANG_ENABLE_MODULES = YES;
				CLANG_ENABLE_OBJC_ARC = YES;
				CLANG_ENABLE_OBJC_WEAK = YES;
				CLANG_WARN_BLOCK_CAPTURE_AUTORELEASING = YES;
				CLANG_WARN_BOOL_CONVERSION = YES;
				CLANG_WARN_COMMA = YES;
				CLANG_WARN_CONSTANT_CONVERSION = YES;
				CLANG_WARN_DEPRECATED_OBJC_IMPLEMENTATIONS = YES;
				CLANG_WARN_DIRECT_OBJC_ISA_USAGE = YES_ERROR;
				CLANG_WARN_DOCUMENTATION_COMMENTS = YES;
				CLANG_WARN_EMPTY_BODY = YES;
				CLANG_WARN_ENUM_CONVERSION = YES;
				CLANG_WARN_INFINITE_RECURSION = YES;
				CLANG_WARN_INT_CONVERSION = YES;
				CLANG_WARN_NON_LITERAL_NULL_CONVERSION = YES;
				CLANG_WARN_OBJC_IMPLICIT_RETAIN_SELF = YES;
				CLANG_WARN_OBJC_LITERAL_CONVERSION = YES;
				CLANG_WARN_OBJC_ROOT_CLASS = YES_ERROR;
				CLANG_WARN_RANGE_LOOP_ANALYSIS = YES;
				CLANG_WARN_STRICT_PROTOTYPES = YES;
				CLANG_WARN_SUSPICIOUS_MOVE = YES;
				CLANG_WARN_UNGUARDED_AVAILABILITY = YES_AGGRESSIVE;
				CLANG_WARN_UNREACHABLE_CODE = YES;
				CLANG_WARN__DUPLICATE_METHOD_MATCH = YES;
				CODE_SIGN_IDENTITY = "iPhone Developer";
				COPY_PHASE_STRIP = NO;
				DEBUG_INFORMATION_FORMAT = "dwarf-with-dsym";
				ENABLE_NS_ASSERTIONS = NO;
				ENABLE_STRICT_OBJC_MSGSEND = YES;
				GCC_C_LANGUAGE_STANDARD = gnu11;
				GCC_NO_COMMON_BLOCKS = YES;
				GCC_WARN_64_TO_32_BIT_CONVERSION = YES;
				GCC_WARN_ABOUT_RETURN_TYPE = YES_ERROR;
				GCC_WARN_UNDECLARED_SELECTOR = YES;
				GCC_WARN_UNINITIALIZED_AUTOS = YES_AGGRESSIVE;
				GCC_WARN_UNUSED_FUNCTION = YES;
				GCC_WARN_UNUSED_VARIABLE = YES;
				IPHONEOS_DEPLOYMENT_TARGET = 12.1;
				MTL_ENABLE_DEBUG_INFO = NO;
				MTL_FAST_MATH = YES;
				SDKROOT = iphoneos;
				SWIFT_COMPILATION_MODE = wholemodule;
				SWIFT_OPTIMIZATION_LEVEL = "-O";
				VALIDATE_PRODUCT = YES;
			};
			name = Release;
		};
		E32B4A1221BD060200306FA2 /* Debug */ = {
			isa = XCBuildConfiguration;
			baseConfigurationReference = 785AE3040DCE30FC46075518 /* Pods-Walkthrough.debug.xcconfig */;
			buildSettings = {
				ASSETCATALOG_COMPILER_APPICON_NAME = AppIcon;
				CODE_SIGN_STYLE = Automatic;
				DEVELOPMENT_TEAM = V46RTQZ3N3;
				INFOPLIST_FILE = Walkthrough/Info.plist;
				LD_RUNPATH_SEARCH_PATHS = "$(inherited) @executable_path/Frameworks";
				PRODUCT_BUNDLE_IDENTIFIER = com.sokathy.Walkthrough;
				PRODUCT_NAME = "$(TARGET_NAME)";
				SWIFT_VERSION = 4.2;
				TARGETED_DEVICE_FAMILY = "1,2";
			};
			name = Debug;
		};
		E32B4A1321BD060200306FA2 /* Release */ = {
			isa = XCBuildConfiguration;
			baseConfigurationReference = 342A0131920822E0066375B1 /* Pods-Walkthrough.release.xcconfig */;
			buildSettings = {
				ASSETCATALOG_COMPILER_APPICON_NAME = AppIcon;
				CODE_SIGN_STYLE = Automatic;
				DEVELOPMENT_TEAM = V46RTQZ3N3;
				INFOPLIST_FILE = Walkthrough/Info.plist;
				LD_RUNPATH_SEARCH_PATHS = "$(inherited) @executable_path/Frameworks";
				PRODUCT_BUNDLE_IDENTIFIER = com.sokathy.Walkthrough;
				PRODUCT_NAME = "$(TARGET_NAME)";
				SWIFT_VERSION = 4.2;
				TARGETED_DEVICE_FAMILY = "1,2";
			};
			name = Release;
		};
		E32B4A1521BD060200306FA2 /* Debug */ = {
			isa = XCBuildConfiguration;
			baseConfigurationReference = 495487DAA926387C72734900 /* Pods-WalkthroughUITests.debug.xcconfig */;
			buildSettings = {
				ALWAYS_EMBED_SWIFT_STANDARD_LIBRARIES = YES;
				CODE_SIGN_STYLE = Automatic;
				DEVELOPMENT_TEAM = V46RTQZ3N3;
				INFOPLIST_FILE = WalkthroughUITests/Info.plist;
				LD_RUNPATH_SEARCH_PATHS = "$(inherited) @executable_path/Frameworks @loader_path/Frameworks";
				PRODUCT_BUNDLE_IDENTIFIER = com.sokathy.WalkthroughUITests;
				PRODUCT_NAME = "$(TARGET_NAME)";
				SWIFT_VERSION = 4.2;
				TARGETED_DEVICE_FAMILY = "1,2";
				TEST_TARGET_NAME = Walkthrough;
			};
			name = Debug;
		};
		E32B4A1621BD060200306FA2 /* Release */ = {
			isa = XCBuildConfiguration;
			baseConfigurationReference = E06AB86283DC0B0830E32327 /* Pods-WalkthroughUITests.release.xcconfig */;
			buildSettings = {
				ALWAYS_EMBED_SWIFT_STANDARD_LIBRARIES = YES;
				CODE_SIGN_STYLE = Automatic;
				DEVELOPMENT_TEAM = V46RTQZ3N3;
				INFOPLIST_FILE = WalkthroughUITests/Info.plist;
				LD_RUNPATH_SEARCH_PATHS = "$(inherited) @executable_path/Frameworks @loader_path/Frameworks";
				PRODUCT_BUNDLE_IDENTIFIER = com.sokathy.WalkthroughUITests;
				PRODUCT_NAME = "$(TARGET_NAME)";
				SWIFT_VERSION = 4.2;
				TARGETED_DEVICE_FAMILY = "1,2";
				TEST_TARGET_NAME = Walkthrough;
			};
			name = Release;
		};
/* End XCBuildConfiguration section */

/* Begin XCConfigurationList section */
		E32B49EF21BD060000306FA2 /* Build configuration list for PBXProject "Walkthrough" */ = {
			isa = XCConfigurationList;
			buildConfigurations = (
				E32B4A0F21BD060200306FA2 /* Debug */,
				E32B4A1021BD060200306FA2 /* Release */,
			);
			defaultConfigurationIsVisible = 0;
			defaultConfigurationName = Release;
		};
		E32B4A1121BD060200306FA2 /* Build configuration list for PBXNativeTarget "Walkthrough" */ = {
			isa = XCConfigurationList;
			buildConfigurations = (
				E32B4A1221BD060200306FA2 /* Debug */,
				E32B4A1321BD060200306FA2 /* Release */,
			);
			defaultConfigurationIsVisible = 0;
			defaultConfigurationName = Release;
		};
		E32B4A1421BD060200306FA2 /* Build configuration list for PBXNativeTarget "WalkthroughUITests" */ = {
			isa = XCConfigurationList;
			buildConfigurations = (
				E32B4A1521BD060200306FA2 /* Debug */,
				E32B4A1621BD060200306FA2 /* Release */,
			);
			defaultConfigurationIsVisible = 0;
			defaultConfigurationName = Release;
		};
/* End XCConfigurationList section */
	};
	rootObject = E32B49EC21BD060000306FA2 /* Project object */;
}
